// !$*UTF8*$!
{
	archiveVersion = 1;
	classes = {
	};
	objectVersion = 56;
	objects = {

/* Begin PBXBuildFile section */
		6133CABB2AF3ABFD00435261 /* Keys.swift in Sources */ = {isa = PBXBuildFile; fileRef = 6133CABA2AF3ABFD00435261 /* Keys.swift */; };
		615E46D02AEBDCFD00143B6E /* Coin.swift in Sources */ = {isa = PBXBuildFile; fileRef = 615E46CF2AEBDCFD00143B6E /* Coin.swift */; };
		615E46D42AEBDD6000143B6E /* CoinModel.swift in Sources */ = {isa = PBXBuildFile; fileRef = 615E46D32AEBDD6000143B6E /* CoinModel.swift */; };
		61615B042AE8892F00895E6F /* AppDelegate.swift in Sources */ = {isa = PBXBuildFile; fileRef = 61615B032AE8892F00895E6F /* AppDelegate.swift */; };
		61615B062AE8892F00895E6F /* SceneDelegate.swift in Sources */ = {isa = PBXBuildFile; fileRef = 61615B052AE8892F00895E6F /* SceneDelegate.swift */; };
		61615B082AE8892F00895E6F /* ViewController.swift in Sources */ = {isa = PBXBuildFile; fileRef = 61615B072AE8892F00895E6F /* ViewController.swift */; };
		61615B0B2AE8892F00895E6F /* Main.storyboard in Resources */ = {isa = PBXBuildFile; fileRef = 61615B092AE8892F00895E6F /* Main.storyboard */; };
		61615B0D2AE8893000895E6F /* Assets.xcassets in Resources */ = {isa = PBXBuildFile; fileRef = 61615B0C2AE8893000895E6F /* Assets.xcassets */; };
		61615B102AE8893000895E6F /* LaunchScreen.storyboard in Resources */ = {isa = PBXBuildFile; fileRef = 61615B0E2AE8893000895E6F /* LaunchScreen.storyboard */; };
		61AADD7A2AF145B500397084 /* MessageCellTableViewCell.swift in Sources */ = {isa = PBXBuildFile; fileRef = 61AADD782AF145B500397084 /* MessageCellTableViewCell.swift */; };
		61AADD7B2AF145B500397084 /* MessageCellTableViewCell.xib in Resources */ = {isa = PBXBuildFile; fileRef = 61AADD792AF145B500397084 /* MessageCellTableViewCell.xib */; };
/* End PBXBuildFile section */

/* Begin PBXFileReference section */
		6133CABA2AF3ABFD00435261 /* Keys.swift */ = {isa = PBXFileReference; lastKnownFileType = sourcecode.swift; path = Keys.swift; sourceTree = "<group>"; };
		615E46CF2AEBDCFD00143B6E /* Coin.swift */ = {isa = PBXFileReference; lastKnownFileType = sourcecode.swift; path = Coin.swift; sourceTree = "<group>"; };
		615E46D32AEBDD6000143B6E /* CoinModel.swift */ = {isa = PBXFileReference; lastKnownFileType = sourcecode.swift; path = CoinModel.swift; sourceTree = "<group>"; };
		61615B002AE8892F00895E6F /* CoinPath.app */ = {isa = PBXFileReference; explicitFileType = wrapper.application; includeInIndex = 0; path = CoinPath.app; sourceTree = BUILT_PRODUCTS_DIR; };
		61615B032AE8892F00895E6F /* AppDelegate.swift */ = {isa = PBXFileReference; lastKnownFileType = sourcecode.swift; path = AppDelegate.swift; sourceTree = "<group>"; };
		61615B052AE8892F00895E6F /* SceneDelegate.swift */ = {isa = PBXFileReference; lastKnownFileType = sourcecode.swift; path = SceneDelegate.swift; sourceTree = "<group>"; };
		61615B072AE8892F00895E6F /* ViewController.swift */ = {isa = PBXFileReference; lastKnownFileType = sourcecode.swift; path = ViewController.swift; sourceTree = "<group>"; };
		61615B0A2AE8892F00895E6F /* Base */ = {isa = PBXFileReference; lastKnownFileType = file.storyboard; name = Base; path = Base.lproj/Main.storyboard; sourceTree = "<group>"; };
		61615B0C2AE8893000895E6F /* Assets.xcassets */ = {isa = PBXFileReference; lastKnownFileType = folder.assetcatalog; path = Assets.xcassets; sourceTree = "<group>"; };
		61615B0F2AE8893000895E6F /* Base */ = {isa = PBXFileReference; lastKnownFileType = file.storyboard; name = Base; path = Base.lproj/LaunchScreen.storyboard; sourceTree = "<group>"; };
		61615B112AE8893000895E6F /* Info.plist */ = {isa = PBXFileReference; lastKnownFileType = text.plist.xml; path = Info.plist; sourceTree = "<group>"; };
		61AADD782AF145B500397084 /* MessageCellTableViewCell.swift */ = {isa = PBXFileReference; lastKnownFileType = sourcecode.swift; path = MessageCellTableViewCell.swift; sourceTree = "<group>"; };
		61AADD792AF145B500397084 /* MessageCellTableViewCell.xib */ = {isa = PBXFileReference; lastKnownFileType = file.xib; path = MessageCellTableViewCell.xib; sourceTree = "<group>"; };
/* End PBXFileReference section */

/* Begin PBXFrameworksBuildPhase section */
		61615AFD2AE8892F00895E6F /* Frameworks */ = {
			isa = PBXFrameworksBuildPhase;
			buildActionMask = 2147483647;
			files = (
			);
			runOnlyForDeploymentPostprocessing = 0;
		};
/* End PBXFrameworksBuildPhase section */

/* Begin PBXGroup section */
		61615AF72AE8892F00895E6F = {
			isa = PBXGroup;
			children = (
				61615B022AE8892F00895E6F /* CoinPath */,
				61615B012AE8892F00895E6F /* Products */,
			);
			sourceTree = "<group>";
		};
		61615B012AE8892F00895E6F /* Products */ = {
			isa = PBXGroup;
			children = (
				61615B002AE8892F00895E6F /* CoinPath.app */,
			);
			name = Products;
			sourceTree = "<group>";
		};
		61615B022AE8892F00895E6F /* CoinPath */ = {
			isa = PBXGroup;
			children = (
				61615B032AE8892F00895E6F /* AppDelegate.swift */,
				61615B052AE8892F00895E6F /* SceneDelegate.swift */,
				61615B072AE8892F00895E6F /* ViewController.swift */,
				61615B092AE8892F00895E6F /* Main.storyboard */,
				61AADD782AF145B500397084 /* MessageCellTableViewCell.swift */,
				61AADD792AF145B500397084 /* MessageCellTableViewCell.xib */,
				61615B0C2AE8893000895E6F /* Assets.xcassets */,
				61615B0E2AE8893000895E6F /* LaunchScreen.storyboard */,
				61615B112AE8893000895E6F /* Info.plist */,
				615E46CF2AEBDCFD00143B6E /* Coin.swift */,
				615E46D32AEBDD6000143B6E /* CoinModel.swift */,
				6133CABA2AF3ABFD00435261 /* Keys.swift */,
			);
			path = CoinPath;
			sourceTree = "<group>";
		};
/* End PBXGroup section */

/* Begin PBXNativeTarget section */
		61615AFF2AE8892F00895E6F /* CoinPath */ = {
			isa = PBXNativeTarget;
			buildConfigurationList = 61615B142AE8893000895E6F /* Build configuration list for PBXNativeTarget "CoinPath" */;
			buildPhases = (
				61615AFC2AE8892F00895E6F /* Sources */,
				61615AFD2AE8892F00895E6F /* Frameworks */,
				61615AFE2AE8892F00895E6F /* Resources */,
			);
			buildRules = (
			);
			dependencies = (
			);
			name = CoinPath;
			productName = CoinBase;
			productReference = 61615B002AE8892F00895E6F /* CoinPath.app */;
			productType = "com.apple.product-type.application";
		};
/* End PBXNativeTarget section */

/* Begin PBXProject section */
		61615AF82AE8892F00895E6F /* Project object */ = {
			isa = PBXProject;
			attributes = {
				BuildIndependentTargetsInParallel = 1;
				LastSwiftUpdateCheck = 1500;
				LastUpgradeCheck = 1500;
				TargetAttributes = {
					61615AFF2AE8892F00895E6F = {
						CreatedOnToolsVersion = 15.0.1;
					};
				};
			};
			buildConfigurationList = 61615AFB2AE8892F00895E6F /* Build configuration list for PBXProject "CoinPath" */;
			compatibilityVersion = "Xcode 14.0";
			developmentRegion = en;
			hasScannedForEncodings = 0;
			knownRegions = (
				en,
				Base,
			);
			mainGroup = 61615AF72AE8892F00895E6F;
			productRefGroup = 61615B012AE8892F00895E6F /* Products */;
			projectDirPath = "";
			projectRoot = "";
			targets = (
				61615AFF2AE8892F00895E6F /* CoinPath */,
			);
		};
/* End PBXProject section */

/* Begin PBXResourcesBuildPhase section */
		61615AFE2AE8892F00895E6F /* Resources */ = {
			isa = PBXResourcesBuildPhase;
			buildActionMask = 2147483647;
			files = (
				61615B102AE8893000895E6F /* LaunchScreen.storyboard in Resources */,
				61AADD7B2AF145B500397084 /* MessageCellTableViewCell.xib in Resources */,
				61615B0D2AE8893000895E6F /* Assets.xcassets in Resources */,
				61615B0B2AE8892F00895E6F /* Main.storyboard in Resources */,
			);
			runOnlyForDeploymentPostprocessing = 0;
		};
/* End PBXResourcesBuildPhase section */

/* Begin PBXSourcesBuildPhase section */
		61615AFC2AE8892F00895E6F /* Sources */ = {
			isa = PBXSourcesBuildPhase;
			buildActionMask = 2147483647;
			files = (
				615E46D42AEBDD6000143B6E /* CoinModel.swift in Sources */,
				61AADD7A2AF145B500397084 /* MessageCellTableViewCell.swift in Sources */,
				61615B082AE8892F00895E6F /* ViewController.swift in Sources */,
				61615B042AE8892F00895E6F /* AppDelegate.swift in Sources */,
				6133CABB2AF3ABFD00435261 /* Keys.swift in Sources */,
				615E46D02AEBDCFD00143B6E /* Coin.swift in Sources */,
				61615B062AE8892F00895E6F /* SceneDelegate.swift in Sources */,
			);
			runOnlyForDeploymentPostprocessing = 0;
		};
/* End PBXSourcesBuildPhase section */

/* Begin PBXVariantGroup section */
		61615B092AE8892F00895E6F /* Main.storyboard */ = {
			isa = PBXVariantGroup;
			children = (
				61615B0A2AE8892F00895E6F /* Base */,
			);
			name = Main.storyboard;
			sourceTree = "<group>";
		};
		61615B0E2AE8893000895E6F /* LaunchScreen.storyboard */ = {
			isa = PBXVariantGroup;
			children = (
				61615B0F2AE8893000895E6F /* Base */,
			);
			name = LaunchScreen.storyboard;
			sourceTree = "<group>";
		};
/* End PBXVariantGroup section */

/* Begin XCBuildConfiguration section */
		61615B122AE8893000895E6F /* Debug */ = {
			isa = XCBuildConfiguration;
			buildSettings = {
				ALWAYS_SEARCH_USER_PATHS = NO;
				ASSETCATALOG_COMPILER_GENERATE_SWIFT_ASSET_SYMBOL_EXTENSIONS = YES;
				CLANG_ANALYZER_NONNULL = YES;
				CLANG_ANALYZER_NUMBER_OBJECT_CONVERSION = YES_AGGRESSIVE;
				CLANG_CXX_LANGUAGE_STANDARD = "gnu++20";
				CLANG_ENABLE_MODULES = YES;
				CLANG_ENABLE_OBJC_ARC = YES;
				CLANG_ENABLE_OBJC_WEAK = YES;
				CLANG_WARN_BLOCK_CAPTURE_AUTORELEASING = YES;
				CLANG_WARN_BOOL_CONVERSION = YES;
				CLANG_WARN_COMMA = YES;
				CLANG_WARN_CONSTANT_CONVERSION = YES;
				CLANG_WARN_DEPRECATED_OBJC_IMPLEMENTATIONS = YES;
				CLANG_WARN_DIRECT_OBJC_ISA_USAGE = YES_ERROR;
				CLANG_WARN_DOCUMENTATION_COMMENTS = YES;
				CLANG_WARN_EMPTY_BODY = YES;
				CLANG_WARN_ENUM_CONVERSION = YES;
				CLANG_WARN_INFINITE_RECURSION = YES;
				CLANG_WARN_INT_CONVERSION = YES;
				CLANG_WARN_NON_LITERAL_NULL_CONVERSION = YES;
				CLANG_WARN_OBJC_IMPLICIT_RETAIN_SELF = YES;
				CLANG_WARN_OBJC_LITERAL_CONVERSION = YES;
				CLANG_WARN_OBJC_ROOT_CLASS = YES_ERROR;
				CLANG_WARN_QUOTED_INCLUDE_IN_FRAMEWORK_HEADER = YES;
				CLANG_WARN_RANGE_LOOP_ANALYSIS = YES;
				CLANG_WARN_STRICT_PROTOTYPES = YES;
				CLANG_WARN_SUSPICIOUS_MOVE = YES;
				CLANG_WARN_UNGUARDED_AVAILABILITY = YES_AGGRESSIVE;
				CLANG_WARN_UNREACHABLE_CODE = YES;
				CLANG_WARN__DUPLICATE_METHOD_MATCH = YES;
				COPY_PHASE_STRIP = NO;
				DEBUG_INFORMATION_FORMAT = dwarf;
				ENABLE_STRICT_OBJC_MSGSEND = YES;
				ENABLE_TESTABILITY = YES;
				ENABLE_USER_SCRIPT_SANDBOXING = YES;
				GCC_C_LANGUAGE_STANDARD = gnu17;
				GCC_DYNAMIC_NO_PIC = NO;
				GCC_NO_COMMON_BLOCKS = YES;
				GCC_OPTIMIZATION_LEVEL = 0;
				GCC_PREPROCESSOR_DEFINITIONS = (
					"DEBUG=1",
					"$(inherited)",
				);
				GCC_WARN_64_TO_32_BIT_CONVERSION = YES;
				GCC_WARN_ABOUT_RETURN_TYPE = YES_ERROR;
				GCC_WARN_UNDECLARED_SELECTOR = YES;
				GCC_WARN_UNINITIALIZED_AUTOS = YES_AGGRESSIVE;
				GCC_WARN_UNUSED_FUNCTION = YES;
				GCC_WARN_UNUSED_VARIABLE = YES;
				IPHONEOS_DEPLOYMENT_TARGET = 17.0;
				LOCALIZATION_PREFERS_STRING_CATALOGS = YES;
				MTL_ENABLE_DEBUG_INFO = INCLUDE_SOURCE;
				MTL_FAST_MATH = YES;
				ONLY_ACTIVE_ARCH = YES;
				SDKROOT = iphoneos;
				SWIFT_ACTIVE_COMPILATION_CONDITIONS = "DEBUG $(inherited)";
				SWIFT_OPTIMIZATION_LEVEL = "-Onone";
			};
			name = Debug;
		};
		61615B132AE8893000895E6F /* Release */ = {
			isa = XCBuildConfiguration;
			buildSettings = {
				ALWAYS_SEARCH_USER_PATHS = NO;
				ASSETCATALOG_COMPILER_GENERATE_SWIFT_ASSET_SYMBOL_EXTENSIONS = YES;
				CLANG_ANALYZER_NONNULL = YES;
				CLANG_ANALYZER_NUMBER_OBJECT_CONVERSION = YES_AGGRESSIVE;
				CLANG_CXX_LANGUAGE_STANDARD = "gnu++20";
				CLANG_ENABLE_MODULES = YES;
				CLANG_ENABLE_OBJC_ARC = YES;
				CLANG_ENABLE_OBJC_WEAK = YES;
				CLANG_WARN_BLOCK_CAPTURE_AUTORELEASING = YES;
				CLANG_WARN_BOOL_CONVERSION = YES;
				CLANG_WARN_COMMA = YES;
				CLANG_WARN_CONSTANT_CONVERSION = YES;
				CLANG_WARN_DEPRECATED_OBJC_IMPLEMENTATIONS = YES;
				CLANG_WARN_DIRECT_OBJC_ISA_USAGE = YES_ERROR;
				CLANG_WARN_DOCUMENTATION_COMMENTS = YES;
				CLANG_WARN_EMPTY_BODY = YES;
				CLANG_WARN_ENUM_CONVERSION = YES;
				CLANG_WARN_INFINITE_RECURSION = YES;
				CLANG_WARN_INT_CONVERSION = YES;
				CLANG_WARN_NON_LITERAL_NULL_CONVERSION = YES;
				CLANG_WARN_OBJC_IMPLICIT_RETAIN_SELF = YES;
				CLANG_WARN_OBJC_LITERAL_CONVERSION = YES;
				CLANG_WARN_OBJC_ROOT_CLASS = YES_ERROR;
				CLANG_WARN_QUOTED_INCLUDE_IN_FRAMEWORK_HEADER = YES;
				CLANG_WARN_RANGE_LOOP_ANALYSIS = YES;
				CLANG_WARN_STRICT_PROTOTYPES = YES;
				CLANG_WARN_SUSPICIOUS_MOVE = YES;
				CLANG_WARN_UNGUARDED_AVAILABILITY = YES_AGGRESSIVE;
				CLANG_WARN_UNREACHABLE_CODE = YES;
				CLANG_WARN__DUPLICATE_METHOD_MATCH = YES;
				COPY_PHASE_STRIP = NO;
				DEBUG_INFORMATION_FORMAT = "dwarf-with-dsym";
				ENABLE_NS_ASSERTIONS = NO;
				ENABLE_STRICT_OBJC_MSGSEND = YES;
				ENABLE_USER_SCRIPT_SANDBOXING = YES;
				GCC_C_LANGUAGE_STANDARD = gnu17;
				GCC_NO_COMMON_BLOCKS = YES;
				GCC_WARN_64_TO_32_BIT_CONVERSION = YES;
				GCC_WARN_ABOUT_RETURN_TYPE = YES_ERROR;
				GCC_WARN_UNDECLARED_SELECTOR = YES;
				GCC_WARN_UNINITIALIZED_AUTOS = YES_AGGRESSIVE;
				GCC_WARN_UNUSED_FUNCTION = YES;
				GCC_WARN_UNUSED_VARIABLE = YES;
				IPHONEOS_DEPLOYMENT_TARGET = 17.0;
				LOCALIZATION_PREFERS_STRING_CATALOGS = YES;
				MTL_ENABLE_DEBUG_INFO = NO;
				MTL_FAST_MATH = YES;
				SDKROOT = iphoneos;
				SWIFT_COMPILATION_MODE = wholemodule;
				VALIDATE_PRODUCT = YES;
			};
			name = Release;
		};
		61615B152AE8893000895E6F /* Debug */ = {
			isa = XCBuildConfiguration;
			buildSettings = {
				ASSETCATALOG_COMPILER_APPICON_NAME = AppIcon;
				ASSETCATALOG_COMPILER_GLOBAL_ACCENT_COLOR_NAME = AccentColor;
				CODE_SIGN_STYLE = Automatic;
				CURRENT_PROJECT_VERSION = 1;
				DEVELOPMENT_TEAM = VF8279THZK;
				GENERATE_INFOPLIST_FILE = YES;
				INFOPLIST_FILE = CoinPath/Info.plist;
				INFOPLIST_KEY_UIApplicationSupportsIndirectInputEvents = YES;
				INFOPLIST_KEY_UILaunchStoryboardName = LaunchScreen;
				INFOPLIST_KEY_UIMainStoryboardFile = Main;
				INFOPLIST_KEY_UISupportedInterfaceOrientations_iPad = "UIInterfaceOrientationPortrait UIInterfaceOrientationPortraitUpsideDown UIInterfaceOrientationLandscapeLeft UIInterfaceOrientationLandscapeRight";
				INFOPLIST_KEY_UISupportedInterfaceOrientations_iPhone = "UIInterfaceOrientationPortrait UIInterfaceOrientationLandscapeLeft UIInterfaceOrientationLandscapeRight";
				LD_RUNPATH_SEARCH_PATHS = (
					"$(inherited)",
					"@executable_path/Frameworks",
				);
				MARKETING_VERSION = 1.0;
				PRODUCT_BUNDLE_IDENTIFIER = com.samedarslan.CoinPath;
				PRODUCT_NAME = "$(TARGET_NAME)";
				SWIFT_EMIT_LOC_STRINGS = YES;
				SWIFT_VERSION = 5.0;
				TARGETED_DEVICE_FAMILY = "1,2";
			};
			name = Debug;
		};
		61615B162AE8893000895E6F /* Release */ = {
			isa = XCBuildConfiguration;
			buildSettings = {
				ASSETCATALOG_COMPILER_APPICON_NAME = AppIcon;
				ASSETCATALOG_COMPILER_GLOBAL_ACCENT_COLOR_NAME = AccentColor;
				CODE_SIGN_STYLE = Automatic;
				CURRENT_PROJECT_VERSION = 1;
				DEVELOPMENT_TEAM = VF8279THZK;
				GENERATE_INFOPLIST_FILE = YES;
				INFOPLIST_FILE = CoinPath/Info.plist;
				INFOPLIST_KEY_UIApplicationSupportsIndirectInputEvents = YES;
				INFOPLIST_KEY_UILaunchStoryboardName = LaunchScreen;
				INFOPLIST_KEY_UIMainStoryboardFile = Main;
				INFOPLIST_KEY_UISupportedInterfaceOrientations_iPad = "UIInterfaceOrientationPortrait UIInterfaceOrientationPortraitUpsideDown UIInterfaceOrientationLandscapeLeft UIInterfaceOrientationLandscapeRight";
				INFOPLIST_KEY_UISupportedInterfaceOrientations_iPhone = "UIInterfaceOrientationPortrait UIInterfaceOrientationLandscapeLeft UIInterfaceOrientationLandscapeRight";
				LD_RUNPATH_SEARCH_PATHS = (
					"$(inherited)",
					"@executable_path/Frameworks",
				);
				MARKETING_VERSION = 1.0;
				PRODUCT_BUNDLE_IDENTIFIER = com.samedarslan.CoinPath;
				PRODUCT_NAME = "$(TARGET_NAME)";
				SWIFT_EMIT_LOC_STRINGS = YES;
				SWIFT_VERSION = 5.0;
				TARGETED_DEVICE_FAMILY = "1,2";
			};
			name = Release;
		};
/* End XCBuildConfiguration section */

/* Begin XCConfigurationList section */
		61615AFB2AE8892F00895E6F /* Build configuration list for PBXProject "CoinPath" */ = {
			isa = XCConfigurationList;
			buildConfigurations = (
				61615B122AE8893000895E6F /* Debug */,
				61615B132AE8893000895E6F /* Release */,
			);
			defaultConfigurationIsVisible = 0;
			defaultConfigurationName = Release;
		};
		61615B142AE8893000895E6F /* Build configuration list for PBXNativeTarget "CoinPath" */ = {
			isa = XCConfigurationList;
			buildConfigurations = (
				61615B152AE8893000895E6F /* Debug */,
				61615B162AE8893000895E6F /* Release */,
			);
			defaultConfigurationIsVisible = 0;
			defaultConfigurationName = Release;
		};
/* End XCConfigurationList section */
	};
	rootObject = 61615AF82AE8892F00895E6F /* Project object */;
}
